
Microsoft Visual Studio Solution File, Format Version 12.00
# Visual Studio 2015
Project("{FAE04EC0-301F-11D3-BF4B-00C04F79EFBC}") = "rigidbodyTest.CSharp.Plugins", "rigidbodyTest.CSharp.Plugins.csproj", "{3309BB4D-7D95-80A8-8BE6-58E95A233DB5}"
EndProject
Project("{FAE04EC0-301F-11D3-BF4B-00C04F79EFBC}") = "rigidbodyTest.CSharp", "rigidbodyTest.CSharp.csproj", "{CEBED8A4-8EA0-5EEB-98EC-4BA767230194}"
EndProject
Project("{FAE04EC0-301F-11D3-BF4B-00C04F79EFBC}") = "rigidbodyTest.CSharp.Editor", "rigidbodyTest.CSharp.Editor.csproj", "{2674C309-EFED-D45A-CDB2-993D62972E38}"
EndProject
Global
	GlobalSection(SolutionConfigurationPlatforms) = preSolution
		Debug|Any CPU = Debug|Any CPU
		Release|Any CPU = Release|Any CPU
	EndGlobalSection
	GlobalSection(ProjectConfigurationPlatforms) = postSolution
		{3309BB4D-7D95-80A8-8BE6-58E95A233DB5}.Debug|Any CPU.ActiveCfg = Debug|Any CPU
		{3309BB4D-7D95-80A8-8BE6-58E95A233DB5}.Debug|Any CPU.Build.0 = Debug|Any CPU
		{3309BB4D-7D95-80A8-8BE6-58E95A233DB5}.Release|Any CPU.ActiveCfg = Release|Any CPU
		{3309BB4D-7D95-80A8-8BE6-58E95A233DB5}.Release|Any CPU.Build.0 = Release|Any CPU
		{CEBED8A4-8EA0-5EEB-98EC-4BA767230194}.Debug|Any CPU.ActiveCfg = Debug|Any CPU
		{CEBED8A4-8EA0-5EEB-98EC-4BA767230194}.Debug|Any CPU.Build.0 = Debug|Any CPU
		{CEBED8A4-8EA0-5EEB-98EC-4BA767230194}.Release|Any CPU.ActiveCfg = Release|Any CPU
		{CEBED8A4-8EA0-5EEB-98EC-4BA767230194}.Release|Any CPU.Build.0 = Release|Any CPU
		{2674C309-EFED-D45A-CDB2-993D62972E38}.Debug|Any CPU.ActiveCfg = Debug|Any CPU
		{2674C309-EFED-D45A-CDB2-993D62972E38}.Debug|Any CPU.Build.0 = Debug|Any CPU
		{2674C309-EFED-D45A-CDB2-993D62972E38}.Release|Any CPU.ActiveCfg = Release|Any CPU
		{2674C309-EFED-D45A-CDB2-993D62972E38}.Release|Any CPU.Build.0 = Release|Any CPU
	EndGlobalSection
	GlobalSection(SolutionProperties) = preSolution
		HideSolutionNode = FALSE
	EndGlobalSection
EndGlobal
